<?xml version="1.0" encoding="utf-8"?>
<Project ToolsVersion="4.0" xmlns="http://schemas.microsoft.com/developer/msbuild/2003">
  <ItemGroup>
    <Filter Include="소스 파일">
      <UniqueIdentifier>{4FC737F1-C7A5-4376-A066-2A32D752A2FF}</UniqueIdentifier>
      <Extensions>cpp;c;cc;cxx;c++;cppm;ixx;def;odl;idl;hpj;bat;asm;asmx</Extensions>
    </Filter>
    <Filter Include="헤더 파일">
      <UniqueIdentifier>{93995380-89BD-4b04-88EB-625FBE52EBFB}</UniqueIdentifier>
      <Extensions>h;hh;hpp;hxx;h++;hm;inl;inc;ipp;xsd</Extensions>
    </Filter>
    <Filter Include="리소스 파일">
      <UniqueIdentifier>{67DA6AB6-F800-4c08-8B7A-83BB121AAD01}</UniqueIdentifier>
      <Extensions>rc;ico;cur;bmp;dlg;rc2;rct;bin;rgs;gif;jpg;jpeg;jpe;resx;tiff;tif;png;wav;mfcribbon-ms</Extensions>
    </Filter>
    <Filter Include="소스 파일\ConsoleInput">
      <UniqueIdentifier>{6f3f6f2a-1a2b-4a3c-9d4e-5f6a7b8c9d01}</UniqueIdentifier>
    </Filter>
    <Filter Include="헤더 파일\ConsoleInput">
      <UniqueIdentifier>{6f3f6f2a-1a2b-4a3c-9d4e-5f6a7b8c9d02}</UniqueIdentifier>
    </Filter>
    <Filter Include="소스 파일\Schema">
      <UniqueIdentifier>{6f3f6f2a-1a2b-4a3c-9d4e-5f6a7b8c9d03}</UniqueIdentifier>
    </Filter>
    <Filter Include="헤더 파일\Schema">
      <UniqueIdentifier>{6f3f6f2a-1a2b-4a3c-9d4e-5f6a7b8c9d04}</UniqueIdentifier>
    </Filter>
    <Filter Include="소스 파일\DummyData">
      <UniqueIdentifier>{6f3f6f2a-1a2b-4a3c-9d4e-5f6a7b8c9d05}</UniqueIdentifier>
    </Filter>
    <Filter Include="헤더 파일\DummyData">
      <UniqueIdentifier>{6f3f6f2a-1a2b-4a3c-9d4e-5f6a7b8c9d06}</UniqueIdentifier>
    </Filter>
  </ItemGroup>
  <ItemGroup>
    <ClCompile Include="src\main.cpp">
      <Filter>소스 파일</Filter>
    </ClCompile>
    <ClCompile Include="src\ConsoleInput\ConsoleInputReader.cpp">
      <Filter>소스 파일\ConsoleInput</Filter>
    </ClCompile>
    <ClCompile Include="src\Schema\KeyType.cpp">
      <Filter>소스 파일\Schema</Filter>
    </ClCompile>
    <ClCompile Include="src\Schema\SchemaBuilder.cpp">
      <Filter>소스 파일\Schema</Filter>
    </ClCompile>
    <ClCompile Include="src\DummyData\ValueGenerators.cpp">
      <Filter>소스 파일\DummyData</Filter>
    </ClCompile>
    <ClCompile Include="src\DummyData\DummyDataGenerator.cpp">
      <Filter>소스 파일\DummyData</Filter>
    </ClCompile>
  </ItemGroup>
  <ItemGroup>
    <ClInclude Include="src\ConsoleInput\ConsoleInputReader.h">
      <Filter>헤더 파일\ConsoleInput</Filter>
    </ClInclude>
    <ClInclude Include="src\ConsoleInput\RawUserInput.h">
      <Filter>헤더 파일\ConsoleInput</Filter>
    </ClInclude>
    <ClInclude Include="src\Schema\KeyType.h">
      <Filter>헤더 파일\Schema</Filter>
    </ClInclude>
    <ClInclude Include="src\Schema\DataSchema.h">
      <Filter>헤더 파일\Schema</Filter>
    </ClInclude>
    <ClInclude Include="src\Schema\SchemaBuilder.h">
      <Filter>헤더 파일\Schema</Filter>
    </ClInclude>
    <ClInclude Include="src\DummyData\DummyValue.h">
      <Filter>헤더 파일\DummyData</Filter>
    </ClInclude>
    <ClInclude Include="src\DummyData\IValueGenerator.h">
      <Filter>헤더 파일\DummyData</Filter>
    </ClInclude>
    <ClInclude Include="src\DummyData\ValueGenerators.h">
      <Filter>헤더 파일\DummyData</Filter>
    </ClInclude>
    <ClInclude Include="src\DummyData\DummyDataGenerator.h">
      <Filter>헤더 파일\DummyData</Filter>
    </ClInclude>
  </ItemGroup>
</Project>